
Microsoft Visual Studio Solution File, Format Version 12.00
# Visual Studio Version 17
VisualStudioVersion = 17.4.33213.308
MinimumVisualStudioVersion = 10.0.40219.1
Project("{FAE04EC0-301F-11D3-BF4B-00C04F79EFBC}") = "PROG7213-ST10083209-POE Part 2", "PROG7213-ST10083209-POE Part 2\PROG7213-ST10083209-POE Part 2.csproj", "{95B1C0C8-ED6E-4829-A00E-669A0A33DA7C}"
EndProject
Global
	GlobalSection(SolutionConfigurationPlatforms) = preSolution
		Debug|Any CPU = Debug|Any CPU
		Release|Any CPU = Release|Any CPU
	EndGlobalSection
	GlobalSection(ProjectConfigurationPlatforms) = postSolution
		{95B1C0C8-ED6E-4829-A00E-669A0A33DA7C}.Debug|Any CPU.ActiveCfg = Debug|Any CPU
		{95B1C0C8-ED6E-4829-A00E-669A0A33DA7C}.Debug|Any CPU.Build.0 = Debug|Any CPU
		{95B1C0C8-ED6E-4829-A00E-669A0A33DA7C}.Release|Any CPU.ActiveCfg = Release|Any CPU
		{95B1C0C8-ED6E-4829-A00E-669A0A33DA7C}.Release|Any CPU.Build.0 = Release|Any CPU
	EndGlobalSection
	GlobalSection(SolutionProperties) = preSolution
		HideSolutionNode = FALSE
	EndGlobalSection
	GlobalSection(ExtensibilityGlobals) = postSolution
		SolutionGuid = {38458D70-C3C2-4127-9793-F102971A1BA9}
	EndGlobalSection
EndGlobal
